
Microsoft Visual Studio Solution File, Format Version 12.00
# Visual Studio Version 16
VisualStudioVersion = 16.0.30503.244
MinimumVisualStudioVersion = 10.0.40219.1
Project("{FAE04EC0-301F-11D3-BF4B-00C04F79EFBC}") = "RESTAPICLIENT", "RESTAPICLIENT\RESTAPICLIENT.csproj", "{4E7F1E6F-0009-43A8-A66D-D5B05AD29EF0}"
EndProject
Global
	GlobalSection(SolutionConfigurationPlatforms) = preSolution
		Debug|Any CPU = Debug|Any CPU
		Release|Any CPU = Release|Any CPU
	EndGlobalSection
	GlobalSection(ProjectConfigurationPlatforms) = postSolution
		{4E7F1E6F-0009-43A8-A66D-D5B05AD29EF0}.Debug|Any CPU.ActiveCfg = Debug|Any CPU
		{4E7F1E6F-0009-43A8-A66D-D5B05AD29EF0}.Debug|Any CPU.Build.0 = Debug|Any CPU
		{4E7F1E6F-0009-43A8-A66D-D5B05AD29EF0}.Release|Any CPU.ActiveCfg = Release|Any CPU
		{4E7F1E6F-0009-43A8-A66D-D5B05AD29EF0}.Release|Any CPU.Build.0 = Release|Any CPU
	EndGlobalSection
	GlobalSection(SolutionProperties) = preSolution
		HideSolutionNode = FALSE
	EndGlobalSection
	GlobalSection(ExtensibilityGlobals) = postSolution
		SolutionGuid = {4D10AE9F-C479-49C4-BFFB-1CDC122B7576}
	EndGlobalSection
EndGlobal
